// !$*UTF8*$!
{
	archiveVersion = 1;
	classes = {
	};
	objectVersion = 50;
	objects = {

/* Begin PBXBuildFile section */
		E810E3C82503BFC20023130D /* DatabaseProtocol.swift in Sources */ = {isa = PBXBuildFile; fileRef = E810E3C72503BFC20023130D /* DatabaseProtocol.swift */; };
		E810E3D52503E1BF0023130D /* Plant+CoreDataClass.swift in Sources */ = {isa = PBXBuildFile; fileRef = E810E3D12503E1BF0023130D /* Plant+CoreDataClass.swift */; };
		E810E3D62503E1BF0023130D /* Plant+CoreDataProperties.swift in Sources */ = {isa = PBXBuildFile; fileRef = E810E3D22503E1BF0023130D /* Plant+CoreDataProperties.swift */; };
		E810E3D72503E1BF0023130D /* Exhibition+CoreDataClass.swift in Sources */ = {isa = PBXBuildFile; fileRef = E810E3D32503E1BF0023130D /* Exhibition+CoreDataClass.swift */; };
		E810E3D82503E1BF0023130D /* Exhibition+CoreDataProperties.swift in Sources */ = {isa = PBXBuildFile; fileRef = E810E3D42503E1BF0023130D /* Exhibition+CoreDataProperties.swift */; };
		E810E3DA25051AA40023130D /* CoreDataController.swift in Sources */ = {isa = PBXBuildFile; fileRef = E810E3D925051AA40023130D /* CoreDataController.swift */; };
		E87454F325120F8500223D6F /* ExhibitionDetailTableViewController.swift in Sources */ = {isa = PBXBuildFile; fileRef = E87454F225120F8500223D6F /* ExhibitionDetailTableViewController.swift */; };
		E887697B250381300010049E /* AppDelegate.swift in Sources */ = {isa = PBXBuildFile; fileRef = E887697A250381300010049E /* AppDelegate.swift */; };
		E887697D250381300010049E /* SceneDelegate.swift in Sources */ = {isa = PBXBuildFile; fileRef = E887697C250381300010049E /* SceneDelegate.swift */; };
		E8876982250381300010049E /* Main.storyboard in Resources */ = {isa = PBXBuildFile; fileRef = E8876980250381300010049E /* Main.storyboard */; };
		E8876985250381300010049E /* PlantGo.xcdatamodeld in Sources */ = {isa = PBXBuildFile; fileRef = E8876983250381300010049E /* PlantGo.xcdatamodeld */; };
		E8876987250381310010049E /* Assets.xcassets in Resources */ = {isa = PBXBuildFile; fileRef = E8876986250381310010049E /* Assets.xcassets */; };
		E887698A250381310010049E /* LaunchScreen.storyboard in Resources */ = {isa = PBXBuildFile; fileRef = E8876988250381310010049E /* LaunchScreen.storyboard */; };
		E8876992250382290010049E /* HomeViewController.swift in Sources */ = {isa = PBXBuildFile; fileRef = E8876991250382290010049E /* HomeViewController.swift */; };
		E8876994250382540010049E /* AllExhibitionsTableViewController.swift in Sources */ = {isa = PBXBuildFile; fileRef = E8876993250382540010049E /* AllExhibitionsTableViewController.swift */; };
		E8876998250382C30010049E /* PlantDetailViewController.swift in Sources */ = {isa = PBXBuildFile; fileRef = E8876997250382C30010049E /* PlantDetailViewController.swift */; };
		E887699A250383650010049E /* CreateExhibitionViewController.swift in Sources */ = {isa = PBXBuildFile; fileRef = E8876999250383650010049E /* CreateExhibitionViewController.swift */; };
		E887699C250383E40010049E /* AddPlantTableViewController.swift in Sources */ = {isa = PBXBuildFile; fileRef = E887699B250383E40010049E /* AddPlantTableViewController.swift */; };
		E88769B725038AA30010049E /* ExhibitionTableViewCell.swift in Sources */ = {isa = PBXBuildFile; fileRef = E88769B625038AA30010049E /* ExhibitionTableViewCell.swift */; };
		E88769B9250393450010049E /* ExhibitionAnnotation.swift in Sources */ = {isa = PBXBuildFile; fileRef = E88769B8250393450010049E /* ExhibitionAnnotation.swift */; };
		E8999F7025136BCB00A22F77 /* VolumnData.swift in Sources */ = {isa = PBXBuildFile; fileRef = E8999F6F25136BCB00A22F77 /* VolumnData.swift */; };
		E8999F7325136BDD00A22F77 /* PlantData.swift in Sources */ = {isa = PBXBuildFile; fileRef = E8999F7225136BDD00A22F77 /* PlantData.swift */; };
/* End PBXBuildFile section */

/* Begin PBXFileReference section */
		E810E3C72503BFC20023130D /* DatabaseProtocol.swift */ = {isa = PBXFileReference; lastKnownFileType = sourcecode.swift; path = DatabaseProtocol.swift; sourceTree = "<group>"; };
		E810E3D12503E1BF0023130D /* Plant+CoreDataClass.swift */ = {isa = PBXFileReference; lastKnownFileType = sourcecode.swift; path = "Plant+CoreDataClass.swift"; sourceTree = SOURCE_ROOT; };
		E810E3D22503E1BF0023130D /* Plant+CoreDataProperties.swift */ = {isa = PBXFileReference; lastKnownFileType = sourcecode.swift; path = "Plant+CoreDataProperties.swift"; sourceTree = SOURCE_ROOT; };
		E810E3D32503E1BF0023130D /* Exhibition+CoreDataClass.swift */ = {isa = PBXFileReference; lastKnownFileType = sourcecode.swift; path = "Exhibition+CoreDataClass.swift"; sourceTree = SOURCE_ROOT; };
		E810E3D42503E1BF0023130D /* Exhibition+CoreDataProperties.swift */ = {isa = PBXFileReference; lastKnownFileType = sourcecode.swift; path = "Exhibition+CoreDataProperties.swift"; sourceTree = SOURCE_ROOT; };
		E810E3D925051AA40023130D /* CoreDataController.swift */ = {isa = PBXFileReference; lastKnownFileType = sourcecode.swift; path = CoreDataController.swift; sourceTree = "<group>"; };
		E87454F225120F8500223D6F /* ExhibitionDetailTableViewController.swift */ = {isa = PBXFileReference; lastKnownFileType = sourcecode.swift; path = ExhibitionDetailTableViewController.swift; sourceTree = "<group>"; };
		E8876977250381300010049E /* PlantGo.app */ = {isa = PBXFileReference; explicitFileType = wrapper.application; includeInIndex = 0; path = PlantGo.app; sourceTree = BUILT_PRODUCTS_DIR; };
		E887697A250381300010049E /* AppDelegate.swift */ = {isa = PBXFileReference; lastKnownFileType = sourcecode.swift; path = AppDelegate.swift; sourceTree = "<group>"; };
		E887697C250381300010049E /* SceneDelegate.swift */ = {isa = PBXFileReference; lastKnownFileType = sourcecode.swift; path = SceneDelegate.swift; sourceTree = "<group>"; };
		E8876981250381300010049E /* Base */ = {isa = PBXFileReference; lastKnownFileType = file.storyboard; name = Base; path = Base.lproj/Main.storyboard; sourceTree = "<group>"; };
		E8876984250381300010049E /* PlantGo.xcdatamodel */ = {isa = PBXFileReference; lastKnownFileType = wrapper.xcdatamodel; path = PlantGo.xcdatamodel; sourceTree = "<group>"; };
		E8876986250381310010049E /* Assets.xcassets */ = {isa = PBXFileReference; lastKnownFileType = folder.assetcatalog; path = Assets.xcassets; sourceTree = "<group>"; };
		E8876989250381310010049E /* Base */ = {isa = PBXFileReference; lastKnownFileType = file.storyboard; name = Base; path = Base.lproj/LaunchScreen.storyboard; sourceTree = "<group>"; };
		E887698B250381310010049E /* Info.plist */ = {isa = PBXFileReference; lastKnownFileType = text.plist.xml; path = Info.plist; sourceTree = "<group>"; };
		E8876991250382290010049E /* HomeViewController.swift */ = {isa = PBXFileReference; lastKnownFileType = sourcecode.swift; path = HomeViewController.swift; sourceTree = "<group>"; };
		E8876993250382540010049E /* AllExhibitionsTableViewController.swift */ = {isa = PBXFileReference; lastKnownFileType = sourcecode.swift; path = AllExhibitionsTableViewController.swift; sourceTree = "<group>"; };
		E8876997250382C30010049E /* PlantDetailViewController.swift */ = {isa = PBXFileReference; lastKnownFileType = sourcecode.swift; path = PlantDetailViewController.swift; sourceTree = "<group>"; };
		E8876999250383650010049E /* CreateExhibitionViewController.swift */ = {isa = PBXFileReference; lastKnownFileType = sourcecode.swift; path = CreateExhibitionViewController.swift; sourceTree = "<group>"; };
		E887699B250383E40010049E /* AddPlantTableViewController.swift */ = {isa = PBXFileReference; lastKnownFileType = sourcecode.swift; path = AddPlantTableViewController.swift; sourceTree = "<group>"; };
		E88769B625038AA30010049E /* ExhibitionTableViewCell.swift */ = {isa = PBXFileReference; lastKnownFileType = sourcecode.swift; path = ExhibitionTableViewCell.swift; sourceTree = "<group>"; };
		E88769B8250393450010049E /* ExhibitionAnnotation.swift */ = {isa = PBXFileReference; lastKnownFileType = sourcecode.swift; path = ExhibitionAnnotation.swift; sourceTree = "<group>"; };
		E8999F6F25136BCB00A22F77 /* VolumnData.swift */ = {isa = PBXFileReference; lastKnownFileType = sourcecode.swift; path = VolumnData.swift; sourceTree = "<group>"; };
		E8999F7225136BDD00A22F77 /* PlantData.swift */ = {isa = PBXFileReference; lastKnownFileType = sourcecode.swift; path = PlantData.swift; sourceTree = "<group>"; };
/* End PBXFileReference section */

/* Begin PBXFrameworksBuildPhase section */
		E8876974250381300010049E /* Frameworks */ = {
			isa = PBXFrameworksBuildPhase;
			buildActionMask = 2147483647;
			files = (
			);
			runOnlyForDeploymentPostprocessing = 0;
		};
/* End PBXFrameworksBuildPhase section */

/* Begin PBXGroup section */
		E810E3C62503BF870023130D /* Database */ = {
			isa = PBXGroup;
			children = (
				E810E3C72503BFC20023130D /* DatabaseProtocol.swift */,
				E810E3D925051AA40023130D /* CoreDataController.swift */,
			);
			path = Database;
			sourceTree = "<group>";
		};
		E887696E250381300010049E = {
			isa = PBXGroup;
			children = (
				E8876979250381300010049E /* PlantGo */,
				E8876978250381300010049E /* Products */,
			);
			sourceTree = "<group>";
		};
		E8876978250381300010049E /* Products */ = {
			isa = PBXGroup;
			children = (
				E8876977250381300010049E /* PlantGo.app */,
			);
			name = Products;
			sourceTree = "<group>";
		};
		E8876979250381300010049E /* PlantGo */ = {
			isa = PBXGroup;
			children = (
				E810E3C62503BF870023130D /* Database */,
				E88769A5250388C20010049E /* DataModel */,
				E887697A250381300010049E /* AppDelegate.swift */,
				E887697C250381300010049E /* SceneDelegate.swift */,
				E8876980250381300010049E /* Main.storyboard */,
				E8876986250381310010049E /* Assets.xcassets */,
				E8876988250381310010049E /* LaunchScreen.storyboard */,
				E887698B250381310010049E /* Info.plist */,
				E8876983250381300010049E /* PlantGo.xcdatamodeld */,
				E8876991250382290010049E /* HomeViewController.swift */,
				E8876993250382540010049E /* AllExhibitionsTableViewController.swift */,
				E8876997250382C30010049E /* PlantDetailViewController.swift */,
				E8876999250383650010049E /* CreateExhibitionViewController.swift */,
				E887699B250383E40010049E /* AddPlantTableViewController.swift */,
				E88769B625038AA30010049E /* ExhibitionTableViewCell.swift */,
				E88769B8250393450010049E /* ExhibitionAnnotation.swift */,
				E87454F225120F8500223D6F /* ExhibitionDetailTableViewController.swift */,
			);
			path = PlantGo;
			sourceTree = "<group>";
		};
		E88769A5250388C20010049E /* DataModel */ = {
			isa = PBXGroup;
			children = (
				E810E3D12503E1BF0023130D /* Plant+CoreDataClass.swift */,
				E810E3D22503E1BF0023130D /* Plant+CoreDataProperties.swift */,
				E810E3D32503E1BF0023130D /* Exhibition+CoreDataClass.swift */,
				E810E3D42503E1BF0023130D /* Exhibition+CoreDataProperties.swift */,
				E8999F6F25136BCB00A22F77 /* VolumnData.swift */,
				E8999F7225136BDD00A22F77 /* PlantData.swift */,
			);
			path = DataModel;
			sourceTree = "<group>";
		};
/* End PBXGroup section */

/* Begin PBXNativeTarget section */
		E8876976250381300010049E /* PlantGo */ = {
			isa = PBXNativeTarget;
			buildConfigurationList = E887698E250381310010049E /* Build configuration list for PBXNativeTarget "PlantGo" */;
			buildPhases = (
				E8876973250381300010049E /* Sources */,
				E8876974250381300010049E /* Frameworks */,
				E8876975250381300010049E /* Resources */,
			);
			buildRules = (
			);
			dependencies = (
			);
			name = PlantGo;
			productName = PlantGo;
			productReference = E8876977250381300010049E /* PlantGo.app */;
			productType = "com.apple.product-type.application";
		};
/* End PBXNativeTarget section */

/* Begin PBXProject section */
		E887696F250381300010049E /* Project object */ = {
			isa = PBXProject;
			attributes = {
				LastSwiftUpdateCheck = 1160;
				LastUpgradeCheck = 1200;
				ORGANIZATIONNAME = LUVAUT;
				TargetAttributes = {
					E8876976250381300010049E = {
						CreatedOnToolsVersion = 11.6;
					};
				};
			};
			buildConfigurationList = E8876972250381300010049E /* Build configuration list for PBXProject "PlantGo" */;
			compatibilityVersion = "Xcode 9.3";
			developmentRegion = en;
			hasScannedForEncodings = 0;
			knownRegions = (
				en,
				Base,
			);
			mainGroup = E887696E250381300010049E;
			productRefGroup = E8876978250381300010049E /* Products */;
			projectDirPath = "";
			projectRoot = "";
			targets = (
				E8876976250381300010049E /* PlantGo */,
			);
		};
/* End PBXProject section */

/* Begin PBXResourcesBuildPhase section */
		E8876975250381300010049E /* Resources */ = {
			isa = PBXResourcesBuildPhase;
			buildActionMask = 2147483647;
			files = (
				E887698A250381310010049E /* LaunchScreen.storyboard in Resources */,
				E8876987250381310010049E /* Assets.xcassets in Resources */,
				E8876982250381300010049E /* Main.storyboard in Resources */,
			);
			runOnlyForDeploymentPostprocessing = 0;
		};
/* End PBXResourcesBuildPhase section */

/* Begin PBXSourcesBuildPhase section */
		E8876973250381300010049E /* Sources */ = {
			isa = PBXSourcesBuildPhase;
			buildActionMask = 2147483647;
			files = (
				E8876994250382540010049E /* AllExhibitionsTableViewController.swift in Sources */,
				E887699C250383E40010049E /* AddPlantTableViewController.swift in Sources */,
				E88769B9250393450010049E /* ExhibitionAnnotation.swift in Sources */,
				E8876985250381300010049E /* PlantGo.xcdatamodeld in Sources */,
				E810E3DA25051AA40023130D /* CoreDataController.swift in Sources */,
				E887697B250381300010049E /* AppDelegate.swift in Sources */,
				E887697D250381300010049E /* SceneDelegate.swift in Sources */,
				E88769B725038AA30010049E /* ExhibitionTableViewCell.swift in Sources */,
				E87454F325120F8500223D6F /* ExhibitionDetailTableViewController.swift in Sources */,
				E810E3C82503BFC20023130D /* DatabaseProtocol.swift in Sources */,
				E810E3D72503E1BF0023130D /* Exhibition+CoreDataClass.swift in Sources */,
				E887699A250383650010049E /* CreateExhibitionViewController.swift in Sources */,
				E810E3D52503E1BF0023130D /* Plant+CoreDataClass.swift in Sources */,
				E810E3D82503E1BF0023130D /* Exhibition+CoreDataProperties.swift in Sources */,
				E8876992250382290010049E /* HomeViewController.swift in Sources */,
				E8876998250382C30010049E /* PlantDetailViewController.swift in Sources */,
				E8999F7025136BCB00A22F77 /* VolumnData.swift in Sources */,
				E810E3D62503E1BF0023130D /* Plant+CoreDataProperties.swift in Sources */,
				E8999F7325136BDD00A22F77 /* PlantData.swift in Sources */,
			);
			runOnlyForDeploymentPostprocessing = 0;
		};
/* End PBXSourcesBuildPhase section */

/* Begin PBXVariantGroup section */
		E8876980250381300010049E /* Main.storyboard */ = {
			isa = PBXVariantGroup;
			children = (
				E8876981250381300010049E /* Base */,
			);
			name = Main.storyboard;
			sourceTree = "<group>";
		};
		E8876988250381310010049E /* LaunchScreen.storyboard */ = {
			isa = PBXVariantGroup;
			children = (
				E8876989250381310010049E /* Base */,
			);
			name = LaunchScreen.storyboard;
			sourceTree = "<group>";
		};
/* End PBXVariantGroup section */

/* Begin XCBuildConfiguration section */
		E887698C250381310010049E /* Debug */ = {
			isa = XCBuildConfiguration;
			buildSettings = {
				ALWAYS_SEARCH_USER_PATHS = NO;
				CLANG_ANALYZER_NONNULL = YES;
				CLANG_ANALYZER_NUMBER_OBJECT_CONVERSION = YES_AGGRESSIVE;
				CLANG_CXX_LANGUAGE_STANDARD = "gnu++14";
				CLANG_CXX_LIBRARY = "libc++";
				CLANG_ENABLE_MODULES = YES;
				CLANG_ENABLE_OBJC_ARC = YES;
				CLANG_ENABLE_OBJC_WEAK = YES;
				CLANG_WARN_BLOCK_CAPTURE_AUTORELEASING = YES;
				CLANG_WARN_BOOL_CONVERSION = YES;
				CLANG_WARN_COMMA = YES;
				CLANG_WARN_CONSTANT_CONVERSION = YES;
				CLANG_WARN_DEPRECATED_OBJC_IMPLEMENTATIONS = YES;
				CLANG_WARN_DIRECT_OBJC_ISA_USAGE = YES_ERROR;
				CLANG_WARN_DOCUMENTATION_COMMENTS = YES;
				CLANG_WARN_EMPTY_BODY = YES;
				CLANG_WARN_ENUM_CONVERSION = YES;
				CLANG_WARN_INFINITE_RECURSION = YES;
				CLANG_WARN_INT_CONVERSION = YES;
				CLANG_WARN_NON_LITERAL_NULL_CONVERSION = YES;
				CLANG_WARN_OBJC_IMPLICIT_RETAIN_SELF = YES;
				CLANG_WARN_OBJC_LITERAL_CONVERSION = YES;
				CLANG_WARN_OBJC_ROOT_CLASS = YES_ERROR;
				CLANG_WARN_QUOTED_INCLUDE_IN_FRAMEWORK_HEADER = YES;
				CLANG_WARN_RANGE_LOOP_ANALYSIS = YES;
				CLANG_WARN_STRICT_PROTOTYPES = YES;
				CLANG_WARN_SUSPICIOUS_MOVE = YES;
				CLANG_WARN_UNGUARDED_AVAILABILITY = YES_AGGRESSIVE;
				CLANG_WARN_UNREACHABLE_CODE = YES;
				CLANG_WARN__DUPLICATE_METHOD_MATCH = YES;
				COPY_PHASE_STRIP = NO;
				DEBUG_INFORMATION_FORMAT = dwarf;
				ENABLE_STRICT_OBJC_MSGSEND = YES;
				ENABLE_TESTABILITY = YES;
				GCC_C_LANGUAGE_STANDARD = gnu11;
				GCC_DYNAMIC_NO_PIC = NO;
				GCC_NO_COMMON_BLOCKS = YES;
				GCC_OPTIMIZATION_LEVEL = 0;
				GCC_PREPROCESSOR_DEFINITIONS = (
					"DEBUG=1",
					"$(inherited)",
				);
				GCC_WARN_64_TO_32_BIT_CONVERSION = YES;
				GCC_WARN_ABOUT_RETURN_TYPE = YES_ERROR;
				GCC_WARN_UNDECLARED_SELECTOR = YES;
				GCC_WARN_UNINITIALIZED_AUTOS = YES_AGGRESSIVE;
				GCC_WARN_UNUSED_FUNCTION = YES;
				GCC_WARN_UNUSED_VARIABLE = YES;
				IPHONEOS_DEPLOYMENT_TARGET = 13.6;
				MTL_ENABLE_DEBUG_INFO = INCLUDE_SOURCE;
				MTL_FAST_MATH = YES;
				ONLY_ACTIVE_ARCH = YES;
				SDKROOT = iphoneos;
				SWIFT_ACTIVE_COMPILATION_CONDITIONS = DEBUG;
				SWIFT_OPTIMIZATION_LEVEL = "-Onone";
			};
			name = Debug;
		};
		E887698D250381310010049E /* Release */ = {
			isa = XCBuildConfiguration;
			buildSettings = {
				ALWAYS_SEARCH_USER_PATHS = NO;
				CLANG_ANALYZER_NONNULL = YES;
				CLANG_ANALYZER_NUMBER_OBJECT_CONVERSION = YES_AGGRESSIVE;
				CLANG_CXX_LANGUAGE_STANDARD = "gnu++14";
				CLANG_CXX_LIBRARY = "libc++";
				CLANG_ENABLE_MODULES = YES;
				CLANG_ENABLE_OBJC_ARC = YES;
				CLANG_ENABLE_OBJC_WEAK = YES;
				CLANG_WARN_BLOCK_CAPTURE_AUTORELEASING = YES;
				CLANG_WARN_BOOL_CONVERSION = YES;
				CLANG_WARN_COMMA = YES;
				CLANG_WARN_CONSTANT_CONVERSION = YES;
				CLANG_WARN_DEPRECATED_OBJC_IMPLEMENTATIONS = YES;
				CLANG_WARN_DIRECT_OBJC_ISA_USAGE = YES_ERROR;
				CLANG_WARN_DOCUMENTATION_COMMENTS = YES;
				CLANG_WARN_EMPTY_BODY = YES;
				CLANG_WARN_ENUM_CONVERSION = YES;
				CLANG_WARN_INFINITE_RECURSION = YES;
				CLANG_WARN_INT_CONVERSION = YES;
				CLANG_WARN_NON_LITERAL_NULL_CONVERSION = YES;
				CLANG_WARN_OBJC_IMPLICIT_RETAIN_SELF = YES;
				CLANG_WARN_OBJC_LITERAL_CONVERSION = YES;
				CLANG_WARN_OBJC_ROOT_CLASS = YES_ERROR;
				CLANG_WARN_QUOTED_INCLUDE_IN_FRAMEWORK_HEADER = YES;
				CLANG_WARN_RANGE_LOOP_ANALYSIS = YES;
				CLANG_WARN_STRICT_PROTOTYPES = YES;
				CLANG_WARN_SUSPICIOUS_MOVE = YES;
				CLANG_WARN_UNGUARDED_AVAILABILITY = YES_AGGRESSIVE;
				CLANG_WARN_UNREACHABLE_CODE = YES;
				CLANG_WARN__DUPLICATE_METHOD_MATCH = YES;
				COPY_PHASE_STRIP = NO;
				DEBUG_INFORMATION_FORMAT = "dwarf-with-dsym";
				ENABLE_NS_ASSERTIONS = NO;
				ENABLE_STRICT_OBJC_MSGSEND = YES;
				GCC_C_LANGUAGE_STANDARD = gnu11;
				GCC_NO_COMMON_BLOCKS = YES;
				GCC_WARN_64_TO_32_BIT_CONVERSION = YES;
				GCC_WARN_ABOUT_RETURN_TYPE = YES_ERROR;
				GCC_WARN_UNDECLARED_SELECTOR = YES;
				GCC_WARN_UNINITIALIZED_AUTOS = YES_AGGRESSIVE;
				GCC_WARN_UNUSED_FUNCTION = YES;
				GCC_WARN_UNUSED_VARIABLE = YES;
				IPHONEOS_DEPLOYMENT_TARGET = 13.6;
				MTL_ENABLE_DEBUG_INFO = NO;
				MTL_FAST_MATH = YES;
				SDKROOT = iphoneos;
				SWIFT_COMPILATION_MODE = wholemodule;
				SWIFT_OPTIMIZATION_LEVEL = "-O";
				VALIDATE_PRODUCT = YES;
			};
			name = Release;
		};
		E887698F250381310010049E /* Debug */ = {
			isa = XCBuildConfiguration;
			buildSettings = {
				ASSETCATALOG_COMPILER_APPICON_NAME = AppIcon;
				CODE_SIGN_STYLE = Automatic;
				DEVELOPMENT_TEAM = SM64G9MDKZ;
				INFOPLIST_FILE = PlantGo/Info.plist;
				LD_RUNPATH_SEARCH_PATHS = (
					"$(inherited)",
					"@executable_path/Frameworks",
				);
				PRODUCT_BUNDLE_IDENTIFIER = com.luvaut.PlantGo;
				PRODUCT_NAME = "$(TARGET_NAME)";
				SWIFT_VERSION = 5.0;
				TARGETED_DEVICE_FAMILY = "1,2";
			};
			name = Debug;
		};
		E8876990250381310010049E /* Release */ = {
			isa = XCBuildConfiguration;
			buildSettings = {
				ASSETCATALOG_COMPILER_APPICON_NAME = AppIcon;
				CODE_SIGN_STYLE = Automatic;
				DEVELOPMENT_TEAM = SM64G9MDKZ;
				INFOPLIST_FILE = PlantGo/Info.plist;
				LD_RUNPATH_SEARCH_PATHS = (
					"$(inherited)",
					"@executable_path/Frameworks",
				);
				PRODUCT_BUNDLE_IDENTIFIER = com.luvaut.PlantGo;
				PRODUCT_NAME = "$(TARGET_NAME)";
				SWIFT_VERSION = 5.0;
				TARGETED_DEVICE_FAMILY = "1,2";
			};
			name = Release;
		};
/* End XCBuildConfiguration section */

/* Begin XCConfigurationList section */
		E8876972250381300010049E /* Build configuration list for PBXProject "PlantGo" */ = {
			isa = XCConfigurationList;
			buildConfigurations = (
				E887698C250381310010049E /* Debug */,
				E887698D250381310010049E /* Release */,
			);
			defaultConfigurationIsVisible = 0;
			defaultConfigurationName = Release;
		};
		E887698E250381310010049E /* Build configuration list for PBXNativeTarget "PlantGo" */ = {
			isa = XCConfigurationList;
			buildConfigurations = (
				E887698F250381310010049E /* Debug */,
				E8876990250381310010049E /* Release */,
			);
			defaultConfigurationIsVisible = 0;
			defaultConfigurationName = Release;
		};
/* End XCConfigurationList section */

/* Begin XCVersionGroup section */
		E8876983250381300010049E /* PlantGo.xcdatamodeld */ = {
			isa = XCVersionGroup;
			children = (
				E8876984250381300010049E /* PlantGo.xcdatamodel */,
			);
			currentVersion = E8876984250381300010049E /* PlantGo.xcdatamodel */;
			path = PlantGo.xcdatamodeld;
			sourceTree = "<group>";
			versionGroupType = wrapper.xcdatamodel;
		};
/* End XCVersionGroup section */
	};
	rootObject = E887696F250381300010049E /* Project object */;
}
